PODS:
  - AsyncDisplayKit (2.0-beta.1):
    - AsyncDisplayKit/PINRemoteImage (= 2.0-beta.1)
  - AsyncDisplayKit/ASDealloc2MainObject (2.0-beta.1)
  - AsyncDisplayKit/Core (2.0-beta.1):
    - AsyncDisplayKit/ASDealloc2MainObject
  - AsyncDisplayKit/PINRemoteImage (2.0-beta.1):
    - AsyncDisplayKit/Core
    - PINRemoteImage/iOS (>= 3.0.0-beta.3)
  - PINCache (3.0.1-beta)
  - PINRemoteImage/Core (3.0.0-beta.3):
    - PINCache (>= 3.0.0-beta)
  - PINRemoteImage/iOS (3.0.0-beta.3):
    - PINRemoteImage/Core

DEPENDENCIES:
  - AsyncDisplayKit (from `../..`)

EXTERNAL SOURCES:
  AsyncDisplayKit:
    :path: "../.."

SPEC CHECKSUMS:
  AsyncDisplayKit: 0bc09eccc8627e05983b89b9b01daf749c552eeb
  PINCache: 6911fe422a633e18b3d3ddf2bd4f0e55e36e2892
  PINRemoteImage: 308731aa6534500e58fc211b9cc2bb7252df25ba

PODFILE CHECKSUM: 7c3ea21c216f99eaadb0e7b756134f96e4b39207

COCOAPODS: 1.0.1
